
Microsoft Visual Studio Solution File, Format Version 12.00
# Visual Studio Version 16
VisualStudioVersion = 16.0.30011.22
MinimumVisualStudioVersion = 10.0.40219.1
Project("{FAE04EC0-301F-11D3-BF4B-00C04F79EFBC}") = "NATP_Server", "NATP_Server\NATP_Server.csproj", "{6523E137-1621-4EAF-A5CA-F4B4959AE049}"
EndProject
Global
	GlobalSection(SolutionConfigurationPlatforms) = preSolution
		Debug|Any CPU = Debug|Any CPU
		Release|Any CPU = Release|Any CPU
	EndGlobalSection
	GlobalSection(ProjectConfigurationPlatforms) = postSolution
		{6523E137-1621-4EAF-A5CA-F4B4959AE049}.Debug|Any CPU.ActiveCfg = Debug|Any CPU
		{6523E137-1621-4EAF-A5CA-F4B4959AE049}.Debug|Any CPU.Build.0 = Debug|Any CPU
		{6523E137-1621-4EAF-A5CA-F4B4959AE049}.Release|Any CPU.ActiveCfg = Release|Any CPU
		{6523E137-1621-4EAF-A5CA-F4B4959AE049}.Release|Any CPU.Build.0 = Release|Any CPU
	EndGlobalSection
	GlobalSection(SolutionProperties) = preSolution
		HideSolutionNode = FALSE
	EndGlobalSection
	GlobalSection(ExtensibilityGlobals) = postSolution
		SolutionGuid = {B0F9E2E6-33D0-4150-ACF2-180B93D7F73F}
	EndGlobalSection
EndGlobal
